
Microsoft Visual Studio Solution File, Format Version 12.00
# Visual Studio Version 17
VisualStudioVersion = 17.7.34031.279
MinimumVisualStudioVersion = 10.0.40219.1
Project("{FAE04EC0-301F-11D3-BF4B-00C04F79EFBC}") = "DA", "DA\DA.csproj", "{521AB50E-F262-4695-890B-7E32480893EF}"
EndProject
Global
	GlobalSection(SolutionConfigurationPlatforms) = preSolution
		Debug|Any CPU = Debug|Any CPU
		Release|Any CPU = Release|Any CPU
	EndGlobalSection
	GlobalSection(ProjectConfigurationPlatforms) = postSolution
		{521AB50E-F262-4695-890B-7E32480893EF}.Debug|Any CPU.ActiveCfg = Debug|Any CPU
		{521AB50E-F262-4695-890B-7E32480893EF}.Debug|Any CPU.Build.0 = Debug|Any CPU
		{521AB50E-F262-4695-890B-7E32480893EF}.Release|Any CPU.ActiveCfg = Release|Any CPU
		{521AB50E-F262-4695-890B-7E32480893EF}.Release|Any CPU.Build.0 = Release|Any CPU
	EndGlobalSection
	GlobalSection(SolutionProperties) = preSolution
		HideSolutionNode = FALSE
	EndGlobalSection
	GlobalSection(ExtensibilityGlobals) = postSolution
		SolutionGuid = {1C8B4785-D856-4BF1-BEEF-7CC13E519862}
	EndGlobalSection
EndGlobal
